
Microsoft Visual Studio Solution File, Format Version 12.00
# Visual Studio 15
VisualStudioVersion = 15.0.26730.12
MinimumVisualStudioVersion = 10.0.40219.1
Project("{FAE04EC0-301F-11D3-BF4B-00C04F79EFBC}") = "TennisOddsScraper.View", "TennisOddsScraper.View\TennisOddsScraper.View.csproj", "{BA239A15-A1BF-4BDB-9239-87E8A3C26604}"
EndProject
Project("{FAE04EC0-301F-11D3-BF4B-00C04F79EFBC}") = "TennisOddsScrapper.Tests", "TennisOddsScrapper.Tests\TennisOddsScrapper.Tests.csproj", "{6FDEAFFC-0778-48D2-8B16-3B02F6B645A5}"
EndProject
Project("{FAE04EC0-301F-11D3-BF4B-00C04F79EFBC}") = "TennisOddsScrapper.BL", "TennisOddsScrapper.BL\TennisOddsScrapper.BL.csproj", "{57617B8D-E050-4A14-8CB9-7A941F493E10}"
EndProject
Global
	GlobalSection(SolutionConfigurationPlatforms) = preSolution
		Debug|Any CPU = Debug|Any CPU
		Release|Any CPU = Release|Any CPU
	EndGlobalSection
	GlobalSection(ProjectConfigurationPlatforms) = postSolution
		{BA239A15-A1BF-4BDB-9239-87E8A3C26604}.Debug|Any CPU.ActiveCfg = Debug|Any CPU
		{BA239A15-A1BF-4BDB-9239-87E8A3C26604}.Debug|Any CPU.Build.0 = Debug|Any CPU
		{BA239A15-A1BF-4BDB-9239-87E8A3C26604}.Release|Any CPU.ActiveCfg = Release|Any CPU
		{BA239A15-A1BF-4BDB-9239-87E8A3C26604}.Release|Any CPU.Build.0 = Release|Any CPU
		{6FDEAFFC-0778-48D2-8B16-3B02F6B645A5}.Debug|Any CPU.ActiveCfg = Debug|Any CPU
		{6FDEAFFC-0778-48D2-8B16-3B02F6B645A5}.Debug|Any CPU.Build.0 = Debug|Any CPU
		{6FDEAFFC-0778-48D2-8B16-3B02F6B645A5}.Release|Any CPU.ActiveCfg = Release|Any CPU
		{6FDEAFFC-0778-48D2-8B16-3B02F6B645A5}.Release|Any CPU.Build.0 = Release|Any CPU
		{57617B8D-E050-4A14-8CB9-7A941F493E10}.Debug|Any CPU.ActiveCfg = Debug|Any CPU
		{57617B8D-E050-4A14-8CB9-7A941F493E10}.Debug|Any CPU.Build.0 = Debug|Any CPU
		{57617B8D-E050-4A14-8CB9-7A941F493E10}.Release|Any CPU.ActiveCfg = Release|Any CPU
		{57617B8D-E050-4A14-8CB9-7A941F493E10}.Release|Any CPU.Build.0 = Release|Any CPU
	EndGlobalSection
	GlobalSection(SolutionProperties) = preSolution
		HideSolutionNode = FALSE
	EndGlobalSection
	GlobalSection(ExtensibilityGlobals) = postSolution
		SolutionGuid = {7162830E-B0F8-43EC-9CB4-89354020BFDE}
	EndGlobalSection
EndGlobal
